PODS:
  - IronSourceSDK (7.7.0.0)
  - NeftaISAdapter (1.1.11):
    - NeftaSDK (~> 3.1.16)
  - NeftaSDK (3.1.16)

DEPENDENCIES:
  - IronSourceSDK
  - NeftaISAdapter (from `.`)

SPEC REPOS:
  https://github.com/CocoaPods/Specs.git:
    - IronSourceSDK
    - NeftaSDK

EXTERNAL SOURCES:
  NeftaISAdapter:
    :path: "."

SPEC CHECKSUMS:
  IronSourceSDK: c57bc2f8255222dd254887eb593382c51811e13d
  NeftaISAdapter: ab90ab7c14adfe63c7115b34c86fdb6bdc99da5e
  NeftaSDK: cbcc7cd350514bd7df965c36995bdcc3bce5bd57

PODFILE CHECKSUM: c18131119ae207aa849b617cb3ae8a4f0019ad15

COCOAPODS: 1.14.3
