PODS:
  - IronSourceSDK (7.6.0.0)
  - NeftaISAdapter (1.1.10):
    - NeftaSDK (~> 3.1.15)
  - NeftaSDK (3.1.15)

DEPENDENCIES:
  - IronSourceSDK
  - NeftaISAdapter (from `.`)

SPEC REPOS:
  https://github.com/CocoaPods/Specs.git:
    - IronSourceSDK
    - NeftaSDK

EXTERNAL SOURCES:
  NeftaISAdapter:
    :path: "."

SPEC CHECKSUMS:
  IronSourceSDK: 276835c7199033724d947c511a372383ac2846de
  NeftaISAdapter: 367efe6fb9041c9742bc129d32f18a0cca38baad
  NeftaSDK: 980e198bd817190278032f046432f8194d09f86b

PODFILE CHECKSUM: c18131119ae207aa849b617cb3ae8a4f0019ad15

COCOAPODS: 1.14.3
